
Microsoft Visual Studio Solution File, Format Version 12.00
# Visual Studio Version 16
VisualStudioVersion = 16.0.28803.156
MinimumVisualStudioVersion = 10.0.40219.1
Project("{9A19103F-16F7-4668-BE54-9A1E7A4F7556}") = "PRUD.Weather.API", "PRUD.Weather.API\PRUD.Weather.API.csproj", "{112F7D6C-2118-4866-841F-DB45EC4963DF}"
EndProject
Project("{9A19103F-16F7-4668-BE54-9A1E7A4F7556}") = "PRUD.Weather.Data", "PRUD.Weather.Data\PRUD.Weather.Data.csproj", "{51AB4289-2C8D-4ED0-9291-A5F872B9C310}"
EndProject
Project("{9A19103F-16F7-4668-BE54-9A1E7A4F7556}") = "PRUD.Weather.Models", "PRUD.Weather.Models\PRUD.Weather.Models.csproj", "{455AF3FD-92EC-49F8-9D1D-CA663C0E7CB3}"
EndProject
Project("{9A19103F-16F7-4668-BE54-9A1E7A4F7556}") = "PRUD.Weather.API.Tests", "PRUD.Weather.API.Tests\PRUD.Weather.API.Tests.csproj", "{E5D6E217-4F5E-42C8-91B6-BAE3C4D9F2FF}"
EndProject
Global
	GlobalSection(SolutionConfigurationPlatforms) = preSolution
		Debug|Any CPU = Debug|Any CPU
		Release|Any CPU = Release|Any CPU
	EndGlobalSection
	GlobalSection(ProjectConfigurationPlatforms) = postSolution
		{112F7D6C-2118-4866-841F-DB45EC4963DF}.Debug|Any CPU.ActiveCfg = Debug|Any CPU
		{112F7D6C-2118-4866-841F-DB45EC4963DF}.Debug|Any CPU.Build.0 = Debug|Any CPU
		{112F7D6C-2118-4866-841F-DB45EC4963DF}.Release|Any CPU.ActiveCfg = Release|Any CPU
		{112F7D6C-2118-4866-841F-DB45EC4963DF}.Release|Any CPU.Build.0 = Release|Any CPU
		{51AB4289-2C8D-4ED0-9291-A5F872B9C310}.Debug|Any CPU.ActiveCfg = Debug|Any CPU
		{51AB4289-2C8D-4ED0-9291-A5F872B9C310}.Debug|Any CPU.Build.0 = Debug|Any CPU
		{51AB4289-2C8D-4ED0-9291-A5F872B9C310}.Release|Any CPU.ActiveCfg = Release|Any CPU
		{51AB4289-2C8D-4ED0-9291-A5F872B9C310}.Release|Any CPU.Build.0 = Release|Any CPU
		{455AF3FD-92EC-49F8-9D1D-CA663C0E7CB3}.Debug|Any CPU.ActiveCfg = Debug|Any CPU
		{455AF3FD-92EC-49F8-9D1D-CA663C0E7CB3}.Debug|Any CPU.Build.0 = Debug|Any CPU
		{455AF3FD-92EC-49F8-9D1D-CA663C0E7CB3}.Release|Any CPU.ActiveCfg = Release|Any CPU
		{455AF3FD-92EC-49F8-9D1D-CA663C0E7CB3}.Release|Any CPU.Build.0 = Release|Any CPU
		{E5D6E217-4F5E-42C8-91B6-BAE3C4D9F2FF}.Debug|Any CPU.ActiveCfg = Debug|Any CPU
		{E5D6E217-4F5E-42C8-91B6-BAE3C4D9F2FF}.Debug|Any CPU.Build.0 = Debug|Any CPU
		{E5D6E217-4F5E-42C8-91B6-BAE3C4D9F2FF}.Release|Any CPU.ActiveCfg = Release|Any CPU
		{E5D6E217-4F5E-42C8-91B6-BAE3C4D9F2FF}.Release|Any CPU.Build.0 = Release|Any CPU
	EndGlobalSection
	GlobalSection(SolutionProperties) = preSolution
		HideSolutionNode = FALSE
	EndGlobalSection
	GlobalSection(ExtensibilityGlobals) = postSolution
		SolutionGuid = {9601D746-1991-45F4-B9DF-3E448FE68CF0}
	EndGlobalSection
EndGlobal
